{
  "object": {
    "pins": [
      {
        "package": "Socket",
        "repositoryURL": "https://github.com/IBM-Swift/BlueSocket",
        "state": {
          "branch": null,
          "revision": "ccc671b022bc60e5fffcb2aa15f499c6331bfd18",
          "version": "1.0.46"
        }
      },
      {
        "package": "CSSH",
        "repositoryURL": "https://github.com/jakeheis/CSSH",
        "state": {
          "branch": null,
          "revision": "579a20508ab598f78713a60fed95706efd06bbcb",
          "version": "1.0.3"
        }
      },
      {
        "package": "Shout",
        "repositoryURL": "https://github.com/Einstore/Shout.git",
        "state": {
          "branch": null,
          "revision": "04fc627d6d320a5acaf1308d7a501040df7615a2",
          "version": "0.5.1"
        }
      },
      {
        "package": "swift-nio",
        "repositoryURL": "https://github.com/apple/swift-nio.git",
        "state": {
          "branch": null,
          "revision": "7f20464df31e85f86bedf4a8afdd1785e0cb5059",
          "version": "2.3.0"
        }
      },
      {
        "package": "SwiftShell",
        "repositoryURL": "https://github.com/kareman/SwiftShell.git",
        "state": {
          "branch": null,
          "revision": "2614f86520e66e19328f11b00dabd474209e82f7",
          "version": "5.0.0"
        }
      }
    ]
  },
  "version": 1
}
