{
  "object": {
    "pins": [
      {
        "package": "Socket",
        "repositoryURL": "https://github.com/IBM-Swift/BlueSocket",
        "state": {
          "branch": null,
          "revision": "af50c0e67a9fe9050322b93b0cb9044abfc4feaa",
          "version": "1.0.47"
        }
      },
      {
        "package": "CSSH",
        "repositoryURL": "https://github.com/jakeheis/CSSH",
        "state": {
          "branch": null,
          "revision": "579a20508ab598f78713a60fed95706efd06bbcb",
          "version": "1.0.3"
        }
      },
      {
        "package": "Shout",
        "repositoryURL": "https://github.com/Einstore/Shout.git",
        "state": {
          "branch": null,
          "revision": "04fc627d6d320a5acaf1308d7a501040df7615a2",
          "version": "0.5.1"
        }
      },
      {
        "package": "swift-nio",
        "repositoryURL": "https://github.com/apple/swift-nio.git",
        "state": {
          "branch": null,
          "revision": "6a79d4687ede7c088fe3e31d9b3452d6e6cd91eb",
          "version": "2.5.1"
        }
      },
      {
        "package": "WebError",
        "repositoryURL": "https://github.com/Einstore/WebErrorKit.git",
        "state": {
          "branch": null,
          "revision": "183170b95c46ca5a900d0ea870980c9c280a573a",
          "version": "0.0.1"
        }
      }
    ]
  },
  "version": 1
}
